
Microsoft Visual Studio Solution File, Format Version 12.00
# Visual Studio 15
VisualStudioVersion = 15.0.27130.2036
MinimumVisualStudioVersion = 10.0.40219.1
Project("{FAE04EC0-301F-11D3-BF4B-00C04F79EFBC}") = "Kata.SocialNetworking.Tests", "Kata.SocialNetworking.Tests\Kata.SocialNetworking.Tests.csproj", "{87A27430-FD57-4DA3-91B9-9588F5BC8749}"
EndProject
Project("{FAE04EC0-301F-11D3-BF4B-00C04F79EFBC}") = "Kata.SocialNetworking.Client", "Kata.SocialNetworking.Client\Kata.SocialNetworking.Client.csproj", "{49CC562C-1A50-4CA3-81AC-5ED8A035E832}"
EndProject
Project("{FAE04EC0-301F-11D3-BF4B-00C04F79EFBC}") = "Kata.SocialNetworking.UnitTests", "Kata.SocialNetworking.UnitTests\Kata.SocialNetworking.UnitTests.csproj", "{F68A7B9A-B5A4-43FF-86BC-F1F91B767D4D}"
EndProject
Project("{FAE04EC0-301F-11D3-BF4B-00C04F79EFBC}") = "Kata.SocialNetworking.Infrastructure", "Kata.SocialNetworking.Infrastructure\Kata.SocialNetworking.Infrastructure.csproj", "{81A68097-51CF-427F-BD67-544C11235741}"
EndProject
Project("{FAE04EC0-301F-11D3-BF4B-00C04F79EFBC}") = "Kata.SocialNetworking", "Kata.SocialNetworking\Kata.SocialNetworking.csproj", "{06683EB8-7205-40D8-B929-2EBFBEEBA796}"
EndProject
Project("{FAE04EC0-301F-11D3-BF4B-00C04F79EFBC}") = "Kata.SocialNetworking.Infrastructure.UnitTests", "Kata.SocialNetworking.Infrastructure.UnitTests\Kata.SocialNetworking.Infrastructure.UnitTests.csproj", "{FB1DDCB2-A341-420B-A040-AC154903E3E6}"
EndProject
Project("{FAE04EC0-301F-11D3-BF4B-00C04F79EFBC}") = "Kata.SocialNetworking.Messages", "Kata.SocialNetworking.Messages\Kata.SocialNetworking.Messages.csproj", "{5AB4C73F-7639-4B9F-BFDB-0D0D055E691C}"
EndProject
Global
	GlobalSection(SolutionConfigurationPlatforms) = preSolution
		Debug|Any CPU = Debug|Any CPU
		Release|Any CPU = Release|Any CPU
	EndGlobalSection
	GlobalSection(ProjectConfigurationPlatforms) = postSolution
		{87A27430-FD57-4DA3-91B9-9588F5BC8749}.Debug|Any CPU.ActiveCfg = Debug|Any CPU
		{87A27430-FD57-4DA3-91B9-9588F5BC8749}.Debug|Any CPU.Build.0 = Debug|Any CPU
		{87A27430-FD57-4DA3-91B9-9588F5BC8749}.Release|Any CPU.ActiveCfg = Release|Any CPU
		{87A27430-FD57-4DA3-91B9-9588F5BC8749}.Release|Any CPU.Build.0 = Release|Any CPU
		{49CC562C-1A50-4CA3-81AC-5ED8A035E832}.Debug|Any CPU.ActiveCfg = Debug|Any CPU
		{49CC562C-1A50-4CA3-81AC-5ED8A035E832}.Debug|Any CPU.Build.0 = Debug|Any CPU
		{49CC562C-1A50-4CA3-81AC-5ED8A035E832}.Release|Any CPU.ActiveCfg = Release|Any CPU
		{49CC562C-1A50-4CA3-81AC-5ED8A035E832}.Release|Any CPU.Build.0 = Release|Any CPU
		{F68A7B9A-B5A4-43FF-86BC-F1F91B767D4D}.Debug|Any CPU.ActiveCfg = Debug|Any CPU
		{F68A7B9A-B5A4-43FF-86BC-F1F91B767D4D}.Debug|Any CPU.Build.0 = Debug|Any CPU
		{F68A7B9A-B5A4-43FF-86BC-F1F91B767D4D}.Release|Any CPU.ActiveCfg = Release|Any CPU
		{F68A7B9A-B5A4-43FF-86BC-F1F91B767D4D}.Release|Any CPU.Build.0 = Release|Any CPU
		{81A68097-51CF-427F-BD67-544C11235741}.Debug|Any CPU.ActiveCfg = Debug|Any CPU
		{81A68097-51CF-427F-BD67-544C11235741}.Debug|Any CPU.Build.0 = Debug|Any CPU
		{81A68097-51CF-427F-BD67-544C11235741}.Release|Any CPU.ActiveCfg = Release|Any CPU
		{81A68097-51CF-427F-BD67-544C11235741}.Release|Any CPU.Build.0 = Release|Any CPU
		{06683EB8-7205-40D8-B929-2EBFBEEBA796}.Debug|Any CPU.ActiveCfg = Debug|Any CPU
		{06683EB8-7205-40D8-B929-2EBFBEEBA796}.Debug|Any CPU.Build.0 = Debug|Any CPU
		{06683EB8-7205-40D8-B929-2EBFBEEBA796}.Release|Any CPU.ActiveCfg = Release|Any CPU
		{06683EB8-7205-40D8-B929-2EBFBEEBA796}.Release|Any CPU.Build.0 = Release|Any CPU
		{FB1DDCB2-A341-420B-A040-AC154903E3E6}.Debug|Any CPU.ActiveCfg = Debug|Any CPU
		{FB1DDCB2-A341-420B-A040-AC154903E3E6}.Debug|Any CPU.Build.0 = Debug|Any CPU
		{FB1DDCB2-A341-420B-A040-AC154903E3E6}.Release|Any CPU.ActiveCfg = Release|Any CPU
		{FB1DDCB2-A341-420B-A040-AC154903E3E6}.Release|Any CPU.Build.0 = Release|Any CPU
		{5AB4C73F-7639-4B9F-BFDB-0D0D055E691C}.Debug|Any CPU.ActiveCfg = Debug|Any CPU
		{5AB4C73F-7639-4B9F-BFDB-0D0D055E691C}.Debug|Any CPU.Build.0 = Debug|Any CPU
		{5AB4C73F-7639-4B9F-BFDB-0D0D055E691C}.Release|Any CPU.ActiveCfg = Release|Any CPU
		{5AB4C73F-7639-4B9F-BFDB-0D0D055E691C}.Release|Any CPU.Build.0 = Release|Any CPU
	EndGlobalSection
	GlobalSection(SolutionProperties) = preSolution
		HideSolutionNode = FALSE
	EndGlobalSection
	GlobalSection(ExtensibilityGlobals) = postSolution
		SolutionGuid = {CF80E2DE-3EFD-4611-905D-3C9605504E09}
	EndGlobalSection
EndGlobal
