
Microsoft Visual Studio Solution File, Format Version 12.00
# Visual Studio 15
VisualStudioVersion = 15.0.27130.2036
MinimumVisualStudioVersion = 10.0.40219.1
Project("{FAE04EC0-301F-11D3-BF4B-00C04F79EFBC}") = "Kata.SocialNetworking.Tests", "Kata.SocialNetworking.Tests\Kata.SocialNetworking.Tests.csproj", "{87A27430-FD57-4DA3-91B9-9588F5BC8749}"
EndProject
Project("{FAE04EC0-301F-11D3-BF4B-00C04F79EFBC}") = "Kata.SocialNetworking.Client", "Kata.SocialNetworking.Client\Kata.SocialNetworking.Client.csproj", "{49CC562C-1A50-4CA3-81AC-5ED8A035E832}"
EndProject
Project("{FAE04EC0-301F-11D3-BF4B-00C04F79EFBC}") = "Kata.SocialNetworking.Server", "Kata.SocialNetworking.Server\Kata.SocialNetworking.Server.csproj", "{17F74377-076C-4999-927C-3EE6E022627B}"
EndProject
Global
	GlobalSection(SolutionConfigurationPlatforms) = preSolution
		Debug|Any CPU = Debug|Any CPU
		Release|Any CPU = Release|Any CPU
	EndGlobalSection
	GlobalSection(ProjectConfigurationPlatforms) = postSolution
		{87A27430-FD57-4DA3-91B9-9588F5BC8749}.Debug|Any CPU.ActiveCfg = Debug|Any CPU
		{87A27430-FD57-4DA3-91B9-9588F5BC8749}.Debug|Any CPU.Build.0 = Debug|Any CPU
		{87A27430-FD57-4DA3-91B9-9588F5BC8749}.Release|Any CPU.ActiveCfg = Release|Any CPU
		{87A27430-FD57-4DA3-91B9-9588F5BC8749}.Release|Any CPU.Build.0 = Release|Any CPU
		{49CC562C-1A50-4CA3-81AC-5ED8A035E832}.Debug|Any CPU.ActiveCfg = Debug|Any CPU
		{49CC562C-1A50-4CA3-81AC-5ED8A035E832}.Debug|Any CPU.Build.0 = Debug|Any CPU
		{49CC562C-1A50-4CA3-81AC-5ED8A035E832}.Release|Any CPU.ActiveCfg = Release|Any CPU
		{49CC562C-1A50-4CA3-81AC-5ED8A035E832}.Release|Any CPU.Build.0 = Release|Any CPU
		{17F74377-076C-4999-927C-3EE6E022627B}.Debug|Any CPU.ActiveCfg = Debug|Any CPU
		{17F74377-076C-4999-927C-3EE6E022627B}.Debug|Any CPU.Build.0 = Debug|Any CPU
		{17F74377-076C-4999-927C-3EE6E022627B}.Release|Any CPU.ActiveCfg = Release|Any CPU
		{17F74377-076C-4999-927C-3EE6E022627B}.Release|Any CPU.Build.0 = Release|Any CPU
	EndGlobalSection
	GlobalSection(SolutionProperties) = preSolution
		HideSolutionNode = FALSE
	EndGlobalSection
	GlobalSection(ExtensibilityGlobals) = postSolution
		SolutionGuid = {CF80E2DE-3EFD-4611-905D-3C9605504E09}
	EndGlobalSection
EndGlobal
